Microsoft Visual Studio Solution File, Format Version 12.00
# Visual Studio Version 17
VisualStudioVersion = 17.5.2.0
MinimumVisualStudioVersion = 10.0.40219.1
Project("{FAE04EC0-301F-11D3-BF4B-00C04F79EFBC}") = "STS2_MCP", "STS2_MCP.csproj", "{B8331C9D-0B62-BBCE-995A-37007C009379}"
EndProject
Project("{2150E333-8FDC-42A3-9474-1A3956D46DE8}") = "tests", "tests", "{1075573B-019B-4CE5-B227-1FA110CEAD1F}"
EndProject
Project("{FAE04EC0-301F-11D3-BF4B-00C04F79EFBC}") = "STS2_MCP.Tests", "tests\STS2_MCP.Tests\STS2_MCP.Tests.csproj", "{B2BDA64C-38B8-4556-ABE7-561C99433A5E}"
EndProject
Global
	GlobalSection(SolutionConfigurationPlatforms) = preSolution
		Debug|Any CPU = Debug|Any CPU
		Release|Any CPU = Release|Any CPU
	EndGlobalSection
	GlobalSection(ProjectConfigurationPlatforms) = postSolution
		{B8331C9D-0B62-BBCE-995A-37007C009379}.Debug|Any CPU.ActiveCfg = Debug|Any CPU
		{B8331C9D-0B62-BBCE-995A-37007C009379}.Debug|Any CPU.Build.0 = Debug|Any CPU
		{B8331C9D-0B62-BBCE-995A-37007C009379}.Release|Any CPU.ActiveCfg = Release|Any CPU
		{B8331C9D-0B62-BBCE-995A-37007C009379}.Release|Any CPU.Build.0 = Release|Any CPU
		{B2BDA64C-38B8-4556-ABE7-561C99433A5E}.Debug|Any CPU.ActiveCfg = Debug|Any CPU
		{B2BDA64C-38B8-4556-ABE7-561C99433A5E}.Debug|Any CPU.Build.0 = Debug|Any CPU
		{B2BDA64C-38B8-4556-ABE7-561C99433A5E}.Release|Any CPU.ActiveCfg = Release|Any CPU
		{B2BDA64C-38B8-4556-ABE7-561C99433A5E}.Release|Any CPU.Build.0 = Release|Any CPU
	EndGlobalSection
	GlobalSection(SolutionProperties) = preSolution
		HideSolutionNode = FALSE
	EndGlobalSection
	GlobalSection(ExtensibilityGlobals) = postSolution
		SolutionGuid = {67036B69-5C72-48F3-AB6C-093535D9AA4F}
	EndGlobalSection
	GlobalSection(NestedProjects) = preSolution
		{B2BDA64C-38B8-4556-ABE7-561C99433A5E} = {1075573B-019B-4CE5-B227-1FA110CEAD1F}
	EndGlobalSection
EndGlobal
